
Microsoft Visual Studio Solution File, Format Version 12.00
# Visual Studio 2013
VisualStudioVersion = 12.0.31101.0
MinimumVisualStudioVersion = 10.0.40219.1
Project("{8BC9CEB8-8B4A-11D0-8D11-00A0C91BC942}") = "2-1_cout", "2-1_cout\Examples.vcxproj", "{B12D1CF8-2F87-47DE-B4B5-A90DC15D9A71}"
EndProject
Project("{8BC9CEB8-8B4A-11D0-8D11-00A0C91BC942}") = "2-3_Integer_Arithmetic", "2-3_Integer_Arithmetic\Example_2-3.vcxproj", "{B3A96380-FB63-4DF4-93D0-4009422AB340}"
EndProject
Project("{8BC9CEB8-8B4A-11D0-8D11-00A0C91BC942}") = "2-4_Floating-Point_Arithmetic", "2-4_Floating-Point_Arithmetic\Example_2-4.vcxproj", "{39D65626-3D2D-4144-A68C-BC05AEE7432D}"
EndProject
Project("{8BC9CEB8-8B4A-11D0-8D11-00A0C91BC942}") = "2-8_Order_of_Precedence", "2-8_Order_of_Precedence\2-8_Order_of_Precedence.vcxproj", "{4E706FE1-BEC8-46AC-A354-E6BE32258D06}"
EndProject
Project("{8BC9CEB8-8B4A-11D0-8D11-00A0C91BC942}") = "2-9_Casting", "2-9_Casting\2-9_Casting.vcxproj", "{9191C6FA-8E70-46CC-B382-AF58764CB11C}"
EndProject
Project("{8BC9CEB8-8B4A-11D0-8D11-00A0C91BC942}") = "2-13_Variables", "2-14_Variables\2-14_Variables.vcxproj", "{CDD25E3D-B7A7-4279-B1C9-FCDC9BF7D6F3}"
EndProject
Project("{8BC9CEB8-8B4A-11D0-8D11-00A0C91BC942}") = "2-16_cin", "2-16_cin\2-16_cin.vcxproj", "{932F201A-6239-4AA9-A735-7C51D084EEE9}"
EndProject
Project("{8BC9CEB8-8B4A-11D0-8D11-00A0C91BC942}") = "2-17_cin_strings", "2-17_cin_strings\2-17_cin_strings.vcxproj", "{64A4A5BB-0F28-492D-B858-8087094D8330}"
EndProject
Project("{8BC9CEB8-8B4A-11D0-8D11-00A0C91BC942}") = "2-21_output", "2-21_output\2-21_output.vcxproj", "{09DF198C-569B-4222-AE2B-0F7204685B36}"
EndProject
Global
	GlobalSection(SolutionConfigurationPlatforms) = preSolution
		Debug|Win32 = Debug|Win32
		Release|Win32 = Release|Win32
	EndGlobalSection
	GlobalSection(ProjectConfigurationPlatforms) = postSolution
		{B12D1CF8-2F87-47DE-B4B5-A90DC15D9A71}.Debug|Win32.ActiveCfg = Debug|Win32
		{B12D1CF8-2F87-47DE-B4B5-A90DC15D9A71}.Debug|Win32.Build.0 = Debug|Win32
		{B12D1CF8-2F87-47DE-B4B5-A90DC15D9A71}.Release|Win32.ActiveCfg = Release|Win32
		{B12D1CF8-2F87-47DE-B4B5-A90DC15D9A71}.Release|Win32.Build.0 = Release|Win32
		{B3A96380-FB63-4DF4-93D0-4009422AB340}.Debug|Win32.ActiveCfg = Debug|Win32
		{B3A96380-FB63-4DF4-93D0-4009422AB340}.Debug|Win32.Build.0 = Debug|Win32
		{B3A96380-FB63-4DF4-93D0-4009422AB340}.Release|Win32.ActiveCfg = Release|Win32
		{B3A96380-FB63-4DF4-93D0-4009422AB340}.Release|Win32.Build.0 = Release|Win32
		{39D65626-3D2D-4144-A68C-BC05AEE7432D}.Debug|Win32.ActiveCfg = Debug|Win32
		{39D65626-3D2D-4144-A68C-BC05AEE7432D}.Debug|Win32.Build.0 = Debug|Win32
		{39D65626-3D2D-4144-A68C-BC05AEE7432D}.Release|Win32.ActiveCfg = Release|Win32
		{39D65626-3D2D-4144-A68C-BC05AEE7432D}.Release|Win32.Build.0 = Release|Win32
		{4E706FE1-BEC8-46AC-A354-E6BE32258D06}.Debug|Win32.ActiveCfg = Debug|Win32
		{4E706FE1-BEC8-46AC-A354-E6BE32258D06}.Debug|Win32.Build.0 = Debug|Win32
		{4E706FE1-BEC8-46AC-A354-E6BE32258D06}.Release|Win32.ActiveCfg = Release|Win32
		{4E706FE1-BEC8-46AC-A354-E6BE32258D06}.Release|Win32.Build.0 = Release|Win32
		{9191C6FA-8E70-46CC-B382-AF58764CB11C}.Debug|Win32.ActiveCfg = Debug|Win32
		{9191C6FA-8E70-46CC-B382-AF58764CB11C}.Debug|Win32.Build.0 = Debug|Win32
		{9191C6FA-8E70-46CC-B382-AF58764CB11C}.Release|Win32.ActiveCfg = Release|Win32
		{9191C6FA-8E70-46CC-B382-AF58764CB11C}.Release|Win32.Build.0 = Release|Win32
		{CDD25E3D-B7A7-4279-B1C9-FCDC9BF7D6F3}.Debug|Win32.ActiveCfg = Debug|Win32
		{CDD25E3D-B7A7-4279-B1C9-FCDC9BF7D6F3}.Debug|Win32.Build.0 = Debug|Win32
		{CDD25E3D-B7A7-4279-B1C9-FCDC9BF7D6F3}.Release|Win32.ActiveCfg = Release|Win32
		{CDD25E3D-B7A7-4279-B1C9-FCDC9BF7D6F3}.Release|Win32.Build.0 = Release|Win32
		{932F201A-6239-4AA9-A735-7C51D084EEE9}.Debug|Win32.ActiveCfg = Debug|Win32
		{932F201A-6239-4AA9-A735-7C51D084EEE9}.Debug|Win32.Build.0 = Debug|Win32
		{932F201A-6239-4AA9-A735-7C51D084EEE9}.Release|Win32.ActiveCfg = Release|Win32
		{932F201A-6239-4AA9-A735-7C51D084EEE9}.Release|Win32.Build.0 = Release|Win32
		{64A4A5BB-0F28-492D-B858-8087094D8330}.Debug|Win32.ActiveCfg = Debug|Win32
		{64A4A5BB-0F28-492D-B858-8087094D8330}.Debug|Win32.Build.0 = Debug|Win32
		{64A4A5BB-0F28-492D-B858-8087094D8330}.Release|Win32.ActiveCfg = Release|Win32
		{64A4A5BB-0F28-492D-B858-8087094D8330}.Release|Win32.Build.0 = Release|Win32
		{09DF198C-569B-4222-AE2B-0F7204685B36}.Debug|Win32.ActiveCfg = Debug|Win32
		{09DF198C-569B-4222-AE2B-0F7204685B36}.Debug|Win32.Build.0 = Debug|Win32
		{09DF198C-569B-4222-AE2B-0F7204685B36}.Release|Win32.ActiveCfg = Release|Win32
		{09DF198C-569B-4222-AE2B-0F7204685B36}.Release|Win32.Build.0 = Release|Win32
	EndGlobalSection
	GlobalSection(SolutionProperties) = preSolution
		HideSolutionNode = FALSE
	EndGlobalSection
EndGlobal
